
Microsoft Visual Studio Solution File, Format Version 12.00
# Visual Studio 15
VisualStudioVersion = 15.0.27130.2024
MinimumVisualStudioVersion = 10.0.40219.1
Project("{FAE04EC0-301F-11D3-BF4B-00C04F79EFBC}") = "OrderingSystem", "OrderingSystem\OrderingSystem.csproj", "{737CA7DC-032E-40DC-A248-F239960CB1CD}"
EndProject
Global
	GlobalSection(SolutionConfigurationPlatforms) = preSolution
		Debug|Any CPU = Debug|Any CPU
		Release|Any CPU = Release|Any CPU
	EndGlobalSection
	GlobalSection(ProjectConfigurationPlatforms) = postSolution
		{737CA7DC-032E-40DC-A248-F239960CB1CD}.Debug|Any CPU.ActiveCfg = Debug|Any CPU
		{737CA7DC-032E-40DC-A248-F239960CB1CD}.Debug|Any CPU.Build.0 = Debug|Any CPU
		{737CA7DC-032E-40DC-A248-F239960CB1CD}.Release|Any CPU.ActiveCfg = Release|Any CPU
		{737CA7DC-032E-40DC-A248-F239960CB1CD}.Release|Any CPU.Build.0 = Release|Any CPU
	EndGlobalSection
	GlobalSection(SolutionProperties) = preSolution
		HideSolutionNode = FALSE
	EndGlobalSection
	GlobalSection(ExtensibilityGlobals) = postSolution
		SolutionGuid = {346DD9DC-F777-40C6-AE7A-BC7A19F5DBF2}
	EndGlobalSection
EndGlobal
